// !$*UTF8*$!
{
	archiveVersion = 1;
	classes = {
	};
	objectVersion = 46;
	objects = {

/* Begin PBXBuildFile section */
		1A0F3F5B1FD3A71700AA2BAB /* RestKit.framework in Frameworks */ = {isa = PBXBuildFile; fileRef = 1A0F3F5A1FD3A71700AA2BAB /* RestKit.framework */; };
		1A0F3F5C1FD3A71700AA2BAB /* RestKit.framework in Embed Frameworks */ = {isa = PBXBuildFile; fileRef = 1A0F3F5A1FD3A71700AA2BAB /* RestKit.framework */; settings = {ATTRIBUTES = (CodeSignOnCopy, RemoveHeadersOnCopy, ); }; };
		1A0F3F5E1FD3A71F00AA2BAB /* SpeechToTextV1.framework in Frameworks */ = {isa = PBXBuildFile; fileRef = 1A0F3F5D1FD3A71F00AA2BAB /* SpeechToTextV1.framework */; };
		1A0F3F5F1FD3A71F00AA2BAB /* SpeechToTextV1.framework in Embed Frameworks */ = {isa = PBXBuildFile; fileRef = 1A0F3F5D1FD3A71F00AA2BAB /* SpeechToTextV1.framework */; settings = {ATTRIBUTES = (CodeSignOnCopy, RemoveHeadersOnCopy, ); }; };
		1A51D9531FD2FC8700B5F33B /* Credentials.swift in Sources */ = {isa = PBXBuildFile; fileRef = 1A51D9521FD2FC8700B5F33B /* Credentials.swift */; };
		1A51D9711FD32F4600B5F33B /* Alamofire.framework in Frameworks */ = {isa = PBXBuildFile; fileRef = 1A51D9701FD32F4600B5F33B /* Alamofire.framework */; };
		1A51D9721FD32F4600B5F33B /* Alamofire.framework in Embed Frameworks */ = {isa = PBXBuildFile; fileRef = 1A51D9701FD32F4600B5F33B /* Alamofire.framework */; settings = {ATTRIBUTES = (CodeSignOnCopy, RemoveHeadersOnCopy, ); }; };
		1A51D9741FD32FBD00B5F33B /* ServerCommands.swift in Sources */ = {isa = PBXBuildFile; fileRef = 1A51D9731FD32FBD00B5F33B /* ServerCommands.swift */; };
		1A51D9761FD3323400B5F33B /* Alamofire+Synchronous.swift in Sources */ = {isa = PBXBuildFile; fileRef = 1A51D9751FD3323400B5F33B /* Alamofire+Synchronous.swift */; };
		1A6997601FD407C9003234C6 /* 24623458_1016393961832259_726032360_o.png in Resources */ = {isa = PBXBuildFile; fileRef = 1A69975F1FD407C9003234C6 /* 24623458_1016393961832259_726032360_o.png */; };
		1A85536C1FD2F71200571CCF /* AppDelegate.swift in Sources */ = {isa = PBXBuildFile; fileRef = 1A85536B1FD2F71200571CCF /* AppDelegate.swift */; };
		1A85536E1FD2F71200571CCF /* ViewController.swift in Sources */ = {isa = PBXBuildFile; fileRef = 1A85536D1FD2F71200571CCF /* ViewController.swift */; };
		1A8553711FD2F71200571CCF /* Main.storyboard in Resources */ = {isa = PBXBuildFile; fileRef = 1A85536F1FD2F71200571CCF /* Main.storyboard */; };
		1A8553741FD2F71200571CCF /* YHackApp.xcdatamodeld in Sources */ = {isa = PBXBuildFile; fileRef = 1A8553721FD2F71200571CCF /* YHackApp.xcdatamodeld */; };
		1A8553761FD2F71200571CCF /* Assets.xcassets in Resources */ = {isa = PBXBuildFile; fileRef = 1A8553751FD2F71200571CCF /* Assets.xcassets */; };
		1A8553791FD2F71200571CCF /* LaunchScreen.storyboard in Resources */ = {isa = PBXBuildFile; fileRef = 1A8553771FD2F71200571CCF /* LaunchScreen.storyboard */; };
		1AAC518B1FD3AA3F002CDBAF /* LoginViewController.swift in Sources */ = {isa = PBXBuildFile; fileRef = 1AAC518A1FD3AA3F002CDBAF /* LoginViewController.swift */; };
		1AAC518F1FD3ACED002CDBAF /* fb-sign-in-button.png in Resources */ = {isa = PBXBuildFile; fileRef = 1AAC518E1FD3ACED002CDBAF /* fb-sign-in-button.png */; };
/* End PBXBuildFile section */

/* Begin PBXCopyFilesBuildPhase section */
		1A51D9511FD2FC4F00B5F33B /* Embed Frameworks */ = {
			isa = PBXCopyFilesBuildPhase;
			buildActionMask = 2147483647;
			dstPath = "";
			dstSubfolderSpec = 10;
			files = (
				1A51D9721FD32F4600B5F33B /* Alamofire.framework in Embed Frameworks */,
				1A0F3F5F1FD3A71F00AA2BAB /* SpeechToTextV1.framework in Embed Frameworks */,
				1A0F3F5C1FD3A71700AA2BAB /* RestKit.framework in Embed Frameworks */,
			);
			name = "Embed Frameworks";
			runOnlyForDeploymentPostprocessing = 0;
		};
/* End PBXCopyFilesBuildPhase section */

/* Begin PBXFileReference section */
		1A0F3F211FD3A44D00AA2BAB /* SpeechToTextV1.framework */ = {isa = PBXFileReference; explicitFileType = wrapper.framework; path = SpeechToTextV1.framework; sourceTree = BUILT_PRODUCTS_DIR; };
		1A0F3F431FD3A52B00AA2BAB /* AppDelegate.swift */ = {isa = PBXFileReference; lastKnownFileType = sourcecode.swift; path = AppDelegate.swift; sourceTree = "<group>"; };
		1A0F3F451FD3A52B00AA2BAB /* ViewController.swift */ = {isa = PBXFileReference; lastKnownFileType = sourcecode.swift; path = ViewController.swift; sourceTree = "<group>"; };
		1A0F3F481FD3A52B00AA2BAB /* Base */ = {isa = PBXFileReference; lastKnownFileType = file.storyboard; name = Base; path = Base.lproj/Main.storyboard; sourceTree = "<group>"; };
		1A0F3F4B1FD3A52B00AA2BAB /* YHackAppFix.xcdatamodel */ = {isa = PBXFileReference; lastKnownFileType = wrapper.xcdatamodel; path = YHackAppFix.xcdatamodel; sourceTree = "<group>"; };
		1A0F3F4D1FD3A52B00AA2BAB /* Assets.xcassets */ = {isa = PBXFileReference; lastKnownFileType = folder.assetcatalog; path = Assets.xcassets; sourceTree = "<group>"; };
		1A0F3F501FD3A52B00AA2BAB /* Base */ = {isa = PBXFileReference; lastKnownFileType = file.storyboard; name = Base; path = Base.lproj/LaunchScreen.storyboard; sourceTree = "<group>"; };
		1A0F3F521FD3A52B00AA2BAB /* Info.plist */ = {isa = PBXFileReference; lastKnownFileType = text.plist.xml; path = Info.plist; sourceTree = "<group>"; };
		1A0F3F5A1FD3A71700AA2BAB /* RestKit.framework */ = {isa = PBXFileReference; explicitFileType = wrapper.framework; path = RestKit.framework; sourceTree = BUILT_PRODUCTS_DIR; };
		1A0F3F5D1FD3A71F00AA2BAB /* SpeechToTextV1.framework */ = {isa = PBXFileReference; explicitFileType = wrapper.framework; path = SpeechToTextV1.framework; sourceTree = BUILT_PRODUCTS_DIR; };
		1A51D9521FD2FC8700B5F33B /* Credentials.swift */ = {isa = PBXFileReference; fileEncoding = 4; lastKnownFileType = sourcecode.swift; path = Credentials.swift; sourceTree = "<group>"; };
		1A51D9541FD305AD00B5F33B /* RestKit.framework */ = {isa = PBXFileReference; explicitFileType = wrapper.framework; path = RestKit.framework; sourceTree = BUILT_PRODUCTS_DIR; };
		1A51D9701FD32F4600B5F33B /* Alamofire.framework */ = {isa = PBXFileReference; explicitFileType = wrapper.framework; path = Alamofire.framework; sourceTree = BUILT_PRODUCTS_DIR; };
		1A51D9731FD32FBD00B5F33B /* ServerCommands.swift */ = {isa = PBXFileReference; fileEncoding = 4; lastKnownFileType = sourcecode.swift; path = ServerCommands.swift; sourceTree = "<group>"; };
		1A51D9751FD3323400B5F33B /* Alamofire+Synchronous.swift */ = {isa = PBXFileReference; fileEncoding = 4; lastKnownFileType = sourcecode.swift; path = "Alamofire+Synchronous.swift"; sourceTree = "<group>"; };
		1A69975F1FD407C9003234C6 /* 24623458_1016393961832259_726032360_o.png */ = {isa = PBXFileReference; lastKnownFileType = image.png; path = 24623458_1016393961832259_726032360_o.png; sourceTree = "<group>"; };
		1A8553681FD2F71200571CCF /* YHackApp.app */ = {isa = PBXFileReference; explicitFileType = wrapper.application; includeInIndex = 0; path = YHackApp.app; sourceTree = BUILT_PRODUCTS_DIR; };
		1A85536B1FD2F71200571CCF /* AppDelegate.swift */ = {isa = PBXFileReference; lastKnownFileType = sourcecode.swift; path = AppDelegate.swift; sourceTree = "<group>"; };
		1A85536D1FD2F71200571CCF /* ViewController.swift */ = {isa = PBXFileReference; lastKnownFileType = sourcecode.swift; path = ViewController.swift; sourceTree = "<group>"; };
		1A8553701FD2F71200571CCF /* Base */ = {isa = PBXFileReference; lastKnownFileType = file.storyboard; name = Base; path = Base.lproj/Main.storyboard; sourceTree = "<group>"; };
		1A8553731FD2F71200571CCF /* YHackApp.xcdatamodel */ = {isa = PBXFileReference; lastKnownFileType = wrapper.xcdatamodel; path = YHackApp.xcdatamodel; sourceTree = "<group>"; };
		1A8553751FD2F71200571CCF /* Assets.xcassets */ = {isa = PBXFileReference; lastKnownFileType = folder.assetcatalog; path = Assets.xcassets; sourceTree = "<group>"; };
		1A8553781FD2F71200571CCF /* Base */ = {isa = PBXFileReference; lastKnownFileType = file.storyboard; name = Base; path = Base.lproj/LaunchScreen.storyboard; sourceTree = "<group>"; };
		1A85537A1FD2F71200571CCF /* Info.plist */ = {isa = PBXFileReference; lastKnownFileType = text.plist.xml; path = Info.plist; sourceTree = "<group>"; };
		1AAC518A1FD3AA3F002CDBAF /* LoginViewController.swift */ = {isa = PBXFileReference; fileEncoding = 4; lastKnownFileType = sourcecode.swift; path = LoginViewController.swift; sourceTree = "<group>"; };
		1AAC518E1FD3ACED002CDBAF /* fb-sign-in-button.png */ = {isa = PBXFileReference; lastKnownFileType = image.png; path = "fb-sign-in-button.png"; sourceTree = "<group>"; };
/* End PBXFileReference section */

/* Begin PBXFrameworksBuildPhase section */
		1A8553651FD2F71100571CCF /* Frameworks */ = {
			isa = PBXFrameworksBuildPhase;
			buildActionMask = 2147483647;
			files = (
				1A51D9711FD32F4600B5F33B /* Alamofire.framework in Frameworks */,
				1A0F3F5E1FD3A71F00AA2BAB /* SpeechToTextV1.framework in Frameworks */,
				1A0F3F5B1FD3A71700AA2BAB /* RestKit.framework in Frameworks */,
			);
			runOnlyForDeploymentPostprocessing = 0;
		};
/* End PBXFrameworksBuildPhase section */

/* Begin PBXGroup section */
		1A0F3F421FD3A52B00AA2BAB /* YHackAppFix */ = {
			isa = PBXGroup;
			children = (
				1A0F3F431FD3A52B00AA2BAB /* AppDelegate.swift */,
				1A0F3F451FD3A52B00AA2BAB /* ViewController.swift */,
				1A0F3F471FD3A52B00AA2BAB /* Main.storyboard */,
				1A0F3F4D1FD3A52B00AA2BAB /* Assets.xcassets */,
				1A0F3F4F1FD3A52B00AA2BAB /* LaunchScreen.storyboard */,
				1A0F3F521FD3A52B00AA2BAB /* Info.plist */,
				1A0F3F4A1FD3A52B00AA2BAB /* YHackAppFix.xcdatamodeld */,
			);
			path = YHackAppFix;
			sourceTree = "<group>";
		};
		1A51D94A1FD2FBE600B5F33B /* Frameworks */ = {
			isa = PBXGroup;
			children = (
			);
			name = Frameworks;
			sourceTree = "<group>";
		};
		1A85535F1FD2F71100571CCF = {
			isa = PBXGroup;
			children = (
				1A0F3F5D1FD3A71F00AA2BAB /* SpeechToTextV1.framework */,
				1A0F3F5A1FD3A71700AA2BAB /* RestKit.framework */,
				1A0F3F211FD3A44D00AA2BAB /* SpeechToTextV1.framework */,
				1A51D9701FD32F4600B5F33B /* Alamofire.framework */,
				1A51D9541FD305AD00B5F33B /* RestKit.framework */,
				1A85536A1FD2F71200571CCF /* YHackApp */,
				1A0F3F421FD3A52B00AA2BAB /* YHackAppFix */,
				1A8553691FD2F71200571CCF /* Products */,
				1A51D94A1FD2FBE600B5F33B /* Frameworks */,
			);
			sourceTree = "<group>";
		};
		1A8553691FD2F71200571CCF /* Products */ = {
			isa = PBXGroup;
			children = (
				1A8553681FD2F71200571CCF /* YHackApp.app */,
			);
			name = Products;
			sourceTree = "<group>";
		};
		1A85536A1FD2F71200571CCF /* YHackApp */ = {
			isa = PBXGroup;
			children = (
				1A85536B1FD2F71200571CCF /* AppDelegate.swift */,
				1A85536D1FD2F71200571CCF /* ViewController.swift */,
				1A85536F1FD2F71200571CCF /* Main.storyboard */,
				1AAC518A1FD3AA3F002CDBAF /* LoginViewController.swift */,
				1A8553751FD2F71200571CCF /* Assets.xcassets */,
				1A8553771FD2F71200571CCF /* LaunchScreen.storyboard */,
				1A85537A1FD2F71200571CCF /* Info.plist */,
				1A8553721FD2F71200571CCF /* YHackApp.xcdatamodeld */,
				1A51D9751FD3323400B5F33B /* Alamofire+Synchronous.swift */,
				1A51D9521FD2FC8700B5F33B /* Credentials.swift */,
				1A51D9731FD32FBD00B5F33B /* ServerCommands.swift */,
				1AAC518E1FD3ACED002CDBAF /* fb-sign-in-button.png */,
				1A69975F1FD407C9003234C6 /* 24623458_1016393961832259_726032360_o.png */,
			);
			path = YHackApp;
			sourceTree = "<group>";
		};
/* End PBXGroup section */

/* Begin PBXNativeTarget section */
		1A8553671FD2F71100571CCF /* YHackApp */ = {
			isa = PBXNativeTarget;
			buildConfigurationList = 1A85537D1FD2F71200571CCF /* Build configuration list for PBXNativeTarget "YHackApp" */;
			buildPhases = (
				1A8553641FD2F71100571CCF /* Sources */,
				1A8553651FD2F71100571CCF /* Frameworks */,
				1A8553661FD2F71100571CCF /* Resources */,
				1A51D9511FD2FC4F00B5F33B /* Embed Frameworks */,
			);
			buildRules = (
			);
			dependencies = (
			);
			name = YHackApp;
			productName = YHackApp;
			productReference = 1A8553681FD2F71200571CCF /* YHackApp.app */;
			productType = "com.apple.product-type.application";
		};
/* End PBXNativeTarget section */

/* Begin PBXProject section */
		1A8553601FD2F71100571CCF /* Project object */ = {
			isa = PBXProject;
			attributes = {
				LastSwiftUpdateCheck = 0820;
				LastUpgradeCheck = 0820;
				ORGANIZATIONNAME = "Jack Boyce";
				TargetAttributes = {
					1A8553671FD2F71100571CCF = {
						CreatedOnToolsVersion = 8.2.1;
						DevelopmentTeam = WK367DXNJ2;
						ProvisioningStyle = Automatic;
					};
				};
			};
			buildConfigurationList = 1A8553631FD2F71100571CCF /* Build configuration list for PBXProject "YHackApp" */;
			compatibilityVersion = "Xcode 3.2";
			developmentRegion = English;
			hasScannedForEncodings = 0;
			knownRegions = (
				en,
				Base,
			);
			mainGroup = 1A85535F1FD2F71100571CCF;
			productRefGroup = 1A8553691FD2F71200571CCF /* Products */;
			projectDirPath = "";
			projectRoot = "";
			targets = (
				1A8553671FD2F71100571CCF /* YHackApp */,
			);
		};
/* End PBXProject section */

/* Begin PBXResourcesBuildPhase section */
		1A8553661FD2F71100571CCF /* Resources */ = {
			isa = PBXResourcesBuildPhase;
			buildActionMask = 2147483647;
			files = (
				1A6997601FD407C9003234C6 /* 24623458_1016393961832259_726032360_o.png in Resources */,
				1A8553791FD2F71200571CCF /* LaunchScreen.storyboard in Resources */,
				1A8553761FD2F71200571CCF /* Assets.xcassets in Resources */,
				1A8553711FD2F71200571CCF /* Main.storyboard in Resources */,
				1AAC518F1FD3ACED002CDBAF /* fb-sign-in-button.png in Resources */,
			);
			runOnlyForDeploymentPostprocessing = 0;
		};
/* End PBXResourcesBuildPhase section */

/* Begin PBXSourcesBuildPhase section */
		1A8553641FD2F71100571CCF /* Sources */ = {
			isa = PBXSourcesBuildPhase;
			buildActionMask = 2147483647;
			files = (
				1AAC518B1FD3AA3F002CDBAF /* LoginViewController.swift in Sources */,
				1A51D9741FD32FBD00B5F33B /* ServerCommands.swift in Sources */,
				1A51D9761FD3323400B5F33B /* Alamofire+Synchronous.swift in Sources */,
				1A85536E1FD2F71200571CCF /* ViewController.swift in Sources */,
				1A51D9531FD2FC8700B5F33B /* Credentials.swift in Sources */,
				1A8553741FD2F71200571CCF /* YHackApp.xcdatamodeld in Sources */,
				1A85536C1FD2F71200571CCF /* AppDelegate.swift in Sources */,
			);
			runOnlyForDeploymentPostprocessing = 0;
		};
/* End PBXSourcesBuildPhase section */

/* Begin PBXVariantGroup section */
		1A0F3F471FD3A52B00AA2BAB /* Main.storyboard */ = {
			isa = PBXVariantGroup;
			children = (
				1A0F3F481FD3A52B00AA2BAB /* Base */,
			);
			name = Main.storyboard;
			sourceTree = "<group>";
		};
		1A0F3F4F1FD3A52B00AA2BAB /* LaunchScreen.storyboard */ = {
			isa = PBXVariantGroup;
			children = (
				1A0F3F501FD3A52B00AA2BAB /* Base */,
			);
			name = LaunchScreen.storyboard;
			sourceTree = "<group>";
		};
		1A85536F1FD2F71200571CCF /* Main.storyboard */ = {
			isa = PBXVariantGroup;
			children = (
				1A8553701FD2F71200571CCF /* Base */,
			);
			name = Main.storyboard;
			sourceTree = "<group>";
		};
		1A8553771FD2F71200571CCF /* LaunchScreen.storyboard */ = {
			isa = PBXVariantGroup;
			children = (
				1A8553781FD2F71200571CCF /* Base */,
			);
			name = LaunchScreen.storyboard;
			sourceTree = "<group>";
		};
/* End PBXVariantGroup section */

/* Begin XCBuildConfiguration section */
		1A85537B1FD2F71200571CCF /* Debug */ = {
			isa = XCBuildConfiguration;
			buildSettings = {
				ALWAYS_SEARCH_USER_PATHS = NO;
				CLANG_ANALYZER_NONNULL = YES;
				CLANG_CXX_LANGUAGE_STANDARD = "gnu++0x";
				CLANG_CXX_LIBRARY = "libc++";
				CLANG_ENABLE_MODULES = YES;
				CLANG_ENABLE_OBJC_ARC = YES;
				CLANG_WARN_BOOL_CONVERSION = YES;
				CLANG_WARN_CONSTANT_CONVERSION = YES;
				CLANG_WARN_DIRECT_OBJC_ISA_USAGE = YES_ERROR;
				CLANG_WARN_DOCUMENTATION_COMMENTS = YES;
				CLANG_WARN_EMPTY_BODY = YES;
				CLANG_WARN_ENUM_CONVERSION = YES;
				CLANG_WARN_INFINITE_RECURSION = YES;
				CLANG_WARN_INT_CONVERSION = YES;
				CLANG_WARN_OBJC_ROOT_CLASS = YES_ERROR;
				CLANG_WARN_SUSPICIOUS_MOVE = YES;
				CLANG_WARN_UNREACHABLE_CODE = YES;
				CLANG_WARN__DUPLICATE_METHOD_MATCH = YES;
				"CODE_SIGN_IDENTITY[sdk=iphoneos*]" = "iPhone Developer";
				COPY_PHASE_STRIP = NO;
				DEBUG_INFORMATION_FORMAT = dwarf;
				ENABLE_STRICT_OBJC_MSGSEND = YES;
				ENABLE_TESTABILITY = YES;
				GCC_C_LANGUAGE_STANDARD = gnu99;
				GCC_DYNAMIC_NO_PIC = NO;
				GCC_NO_COMMON_BLOCKS = YES;
				GCC_OPTIMIZATION_LEVEL = 0;
				GCC_PREPROCESSOR_DEFINITIONS = (
					"DEBUG=1",
					"$(inherited)",
				);
				GCC_WARN_64_TO_32_BIT_CONVERSION = YES;
				GCC_WARN_ABOUT_RETURN_TYPE = YES_ERROR;
				GCC_WARN_UNDECLARED_SELECTOR = YES;
				GCC_WARN_UNINITIALIZED_AUTOS = YES_AGGRESSIVE;
				GCC_WARN_UNUSED_FUNCTION = YES;
				GCC_WARN_UNUSED_VARIABLE = YES;
				IPHONEOS_DEPLOYMENT_TARGET = 10.2;
				MTL_ENABLE_DEBUG_INFO = YES;
				ONLY_ACTIVE_ARCH = YES;
				SDKROOT = iphoneos;
				SWIFT_ACTIVE_COMPILATION_CONDITIONS = DEBUG;
				SWIFT_OPTIMIZATION_LEVEL = "-Onone";
				TARGETED_DEVICE_FAMILY = "1,2";
			};
			name = Debug;
		};
		1A85537C1FD2F71200571CCF /* Release */ = {
			isa = XCBuildConfiguration;
			buildSettings = {
				ALWAYS_SEARCH_USER_PATHS = NO;
				CLANG_ANALYZER_NONNULL = YES;
				CLANG_CXX_LANGUAGE_STANDARD = "gnu++0x";
				CLANG_CXX_LIBRARY = "libc++";
				CLANG_ENABLE_MODULES = YES;
				CLANG_ENABLE_OBJC_ARC = YES;
				CLANG_WARN_BOOL_CONVERSION = YES;
				CLANG_WARN_CONSTANT_CONVERSION = YES;
				CLANG_WARN_DIRECT_OBJC_ISA_USAGE = YES_ERROR;
				CLANG_WARN_DOCUMENTATION_COMMENTS = YES;
				CLANG_WARN_EMPTY_BODY = YES;
				CLANG_WARN_ENUM_CONVERSION = YES;
				CLANG_WARN_INFINITE_RECURSION = YES;
				CLANG_WARN_INT_CONVERSION = YES;
				CLANG_WARN_OBJC_ROOT_CLASS = YES_ERROR;
				CLANG_WARN_SUSPICIOUS_MOVE = YES;
				CLANG_WARN_UNREACHABLE_CODE = YES;
				CLANG_WARN__DUPLICATE_METHOD_MATCH = YES;
				"CODE_SIGN_IDENTITY[sdk=iphoneos*]" = "iPhone Developer";
				COPY_PHASE_STRIP = NO;
				DEBUG_INFORMATION_FORMAT = "dwarf-with-dsym";
				ENABLE_NS_ASSERTIONS = NO;
				ENABLE_STRICT_OBJC_MSGSEND = YES;
				GCC_C_LANGUAGE_STANDARD = gnu99;
				GCC_NO_COMMON_BLOCKS = YES;
				GCC_WARN_64_TO_32_BIT_CONVERSION = YES;
				GCC_WARN_ABOUT_RETURN_TYPE = YES_ERROR;
				GCC_WARN_UNDECLARED_SELECTOR = YES;
				GCC_WARN_UNINITIALIZED_AUTOS = YES_AGGRESSIVE;
				GCC_WARN_UNUSED_FUNCTION = YES;
				GCC_WARN_UNUSED_VARIABLE = YES;
				IPHONEOS_DEPLOYMENT_TARGET = 10.2;
				MTL_ENABLE_DEBUG_INFO = NO;
				SDKROOT = iphoneos;
				SWIFT_OPTIMIZATION_LEVEL = "-Owholemodule";
				TARGETED_DEVICE_FAMILY = "1,2";
				VALIDATE_PRODUCT = YES;
			};
			name = Release;
		};
		1A85537E1FD2F71200571CCF /* Debug */ = {
			isa = XCBuildConfiguration;
			buildSettings = {
				ASSETCATALOG_COMPILER_APPICON_NAME = AppIcon;
				DEVELOPMENT_TEAM = WK367DXNJ2;
				INFOPLIST_FILE = YHackApp/Info.plist;
				IPHONEOS_DEPLOYMENT_TARGET = 10.0;
				LD_RUNPATH_SEARCH_PATHS = "$(inherited) @executable_path/Frameworks";
				PRODUCT_BUNDLE_IDENTIFIER = com.boycesoftware.YHackApp;
				PRODUCT_NAME = "$(TARGET_NAME)";
				SWIFT_VERSION = 3.0;
			};
			name = Debug;
		};
		1A85537F1FD2F71200571CCF /* Release */ = {
			isa = XCBuildConfiguration;
			buildSettings = {
				ASSETCATALOG_COMPILER_APPICON_NAME = AppIcon;
				DEVELOPMENT_TEAM = WK367DXNJ2;
				INFOPLIST_FILE = YHackApp/Info.plist;
				IPHONEOS_DEPLOYMENT_TARGET = 10.0;
				LD_RUNPATH_SEARCH_PATHS = "$(inherited) @executable_path/Frameworks";
				PRODUCT_BUNDLE_IDENTIFIER = com.boycesoftware.YHackApp;
				PRODUCT_NAME = "$(TARGET_NAME)";
				SWIFT_VERSION = 3.0;
			};
			name = Release;
		};
/* End XCBuildConfiguration section */

/* Begin XCConfigurationList section */
		1A8553631FD2F71100571CCF /* Build configuration list for PBXProject "YHackApp" */ = {
			isa = XCConfigurationList;
			buildConfigurations = (
				1A85537B1FD2F71200571CCF /* Debug */,
				1A85537C1FD2F71200571CCF /* Release */,
			);
			defaultConfigurationIsVisible = 0;
			defaultConfigurationName = Release;
		};
		1A85537D1FD2F71200571CCF /* Build configuration list for PBXNativeTarget "YHackApp" */ = {
			isa = XCConfigurationList;
			buildConfigurations = (
				1A85537E1FD2F71200571CCF /* Debug */,
				1A85537F1FD2F71200571CCF /* Release */,
			);
			defaultConfigurationIsVisible = 0;
			defaultConfigurationName = Release;
		};
/* End XCConfigurationList section */

/* Begin XCVersionGroup section */
		1A0F3F4A1FD3A52B00AA2BAB /* YHackAppFix.xcdatamodeld */ = {
			isa = XCVersionGroup;
			children = (
				1A0F3F4B1FD3A52B00AA2BAB /* YHackAppFix.xcdatamodel */,
			);
			currentVersion = 1A0F3F4B1FD3A52B00AA2BAB /* YHackAppFix.xcdatamodel */;
			path = YHackAppFix.xcdatamodeld;
			sourceTree = "<group>";
			versionGroupType = wrapper.xcdatamodel;
		};
		1A8553721FD2F71200571CCF /* YHackApp.xcdatamodeld */ = {
			isa = XCVersionGroup;
			children = (
				1A8553731FD2F71200571CCF /* YHackApp.xcdatamodel */,
			);
			currentVersion = 1A8553731FD2F71200571CCF /* YHackApp.xcdatamodel */;
			path = YHackApp.xcdatamodeld;
			sourceTree = "<group>";
			versionGroupType = wrapper.xcdatamodel;
		};
/* End XCVersionGroup section */
	};
	rootObject = 1A8553601FD2F71100571CCF /* Project object */;
}
